
Microsoft Visual Studio Solution File, Format Version 12.00
# Visual Studio Version 17
VisualStudioVersion = 17.0.32014.148
MinimumVisualStudioVersion = 10.0.40219.1
Project("{FAE04EC0-301F-11D3-BF4B-00C04F79EFBC}") = "TestAssignmentTests", "TestAssignmentTests\TestAssignmentTests.csproj", "{2CC10893-ECD8-4802-B643-6C45D6CE2E11}"
EndProject
Project("{FAE04EC0-301F-11D3-BF4B-00C04F79EFBC}") = "TestProject", "TestProject\TestProject.csproj", "{EC4F5A83-CE22-4B64-AC62-C8C6DB9CF562}"
EndProject
Global
	GlobalSection(SolutionConfigurationPlatforms) = preSolution
		Debug|Any CPU = Debug|Any CPU
		Release|Any CPU = Release|Any CPU
	EndGlobalSection
	GlobalSection(ProjectConfigurationPlatforms) = postSolution
		{2CC10893-ECD8-4802-B643-6C45D6CE2E11}.Debug|Any CPU.ActiveCfg = Debug|Any CPU
		{2CC10893-ECD8-4802-B643-6C45D6CE2E11}.Debug|Any CPU.Build.0 = Debug|Any CPU
		{2CC10893-ECD8-4802-B643-6C45D6CE2E11}.Release|Any CPU.ActiveCfg = Release|Any CPU
		{2CC10893-ECD8-4802-B643-6C45D6CE2E11}.Release|Any CPU.Build.0 = Release|Any CPU
		{EC4F5A83-CE22-4B64-AC62-C8C6DB9CF562}.Debug|Any CPU.ActiveCfg = Debug|Any CPU
		{EC4F5A83-CE22-4B64-AC62-C8C6DB9CF562}.Debug|Any CPU.Build.0 = Debug|Any CPU
		{EC4F5A83-CE22-4B64-AC62-C8C6DB9CF562}.Release|Any CPU.ActiveCfg = Release|Any CPU
		{EC4F5A83-CE22-4B64-AC62-C8C6DB9CF562}.Release|Any CPU.Build.0 = Release|Any CPU
	EndGlobalSection
	GlobalSection(SolutionProperties) = preSolution
		HideSolutionNode = FALSE
	EndGlobalSection
	GlobalSection(ExtensibilityGlobals) = postSolution
		SolutionGuid = {70F24A3C-FCC7-40D1-BB69-F87A056BCB8A}
	EndGlobalSection
EndGlobal
